justext==3.0.2 \
    --hash=sha256:13496a450c44c4cd5b5a75a5efcd9996066d2a189794ea99a49949685a0beb05 \
    --hash=sha256:62b1c562b15c3c6265e121cc070874243a443bfd53060e869393f09d6b6cc9a7
    # via -r base/rag/preprocess-service/requirements.txt
lxml==6.0.3 \
    --hash=sha256:04b7cedf52e125f86d0d426635e7fbe8e353d4cc272a1757888e3c072424381d \
    --hash=sha256:06b9f3ac459b4565bbaa97aa5512aa7f9a1188c662f0108364f288f6daf35773 \
    --hash=sha256:093786037b934ef4747b0e8a0e1599fe7df7dd8246e7f07d43bba1c4c8bd7b84 \
    --hash=sha256:0a9a79144a8051bc5fbb223fac895b87eb67b361f27b00c2ed4a07ee34246b90 \
    --hash=sha256:0b012cf200736d90f828b3ab4206857772c61b710f0a98d3814c7994decb6652 \
    --hash=sha256:0c46a246df7fbab1f7b018c7eb361585b295ac95dec806158d9ed1e63b477f05 \
    --hash=sha256:10bc4f37c28b4e1b3e901dde66e3a096eb128acf388d5b2962dc2941284293bb \
    --hash=sha256:13f1594a183cee73f9a1dbfd35871c4e04b461f47eeb9bcf80f7d7856b1b136d \
    --hash=sha256:143ac903fb6c9be6da613390825c8e8bb8c8d71517d43882031f6b9bc89770ef \
    --hash=sha256:16e5cbaa1a6351f2abefa4072e9aac1f09103b47fe7ab4496d54e5995b065162 \
    --hash=sha256:16fbcf06ae534b2fa5bcdc19fcf6abd9df2e74fe8563147d1c5a687a130efed4 \
    --hash=sha256:19b079e81aa3a31b523a224b0dd46da4f56e1b1e248eef9a599e5c885c788813 \
    --hash=sha256:1b36a3c73f2a6d9c2bfae78089ca7aedae5c2ee5fd5214a15f00b2f89e558ba7 \
    --hash=sha256:1b60a3a1205f869bd47874787c792087174453b1a869db4837bf5b3ff92be017 \
    --hash=sha256:20f8caa9beb61a688c4428631cb47fd6e0ba75ef30091cec5fee992138b2be77 \
    --hash=sha256:239e9a6be3a79c03ec200d26f7bb17a4414704a208059e20050bf161e2d8848a \
    --hash=sha256:26cdd7c3f4c3b932b28859d0b70966c2ec8b67c106717d6320121002f8f99025 \
    --hash=sha256:2773dbe2cedee81f2769bd5d24ceb4037706cf032e1703513dd0e9476cd9375f \
    --hash=sha256:27e317e554bc6086a082688ddf137437e5f7f20ffdd736a6f5b4e3ed1ecf1247 \
    --hash=sha256:2a49123cc3209ccad7c4c5a4133bcfcfd4875f30461ea4d0aaa84e6608f712c5 \
    --hash=sha256:2ce76d113a7c3bf42761ec1de7ca615b0cbf9d8ae478eb1d6c20111d9c9fc098 \
    --hash=sha256:2d00902610dd91a970a06d5f1a6e4f2426e04a9fa07209d58e09b345e2269267 \
    --hash=sha256:30c437d8bb9a9a9edff27e85b694342e47a26a6abc249abe00584a4824f9d80d \
    --hash=sha256:322c825054d02d35755b80dc5c39ba8a71c7c09c43453394a13b9bd8c0abc84c \
    --hash=sha256:336925309af5ecd9616acbe1c28d68ee0088839b1d42ae7dcc40ffecff959537 \
    --hash=sha256:33741ec3b4268efffae8ba40f9b64523f4489caf270bde175535e659f03af05a \
    --hash=sha256:353161f166e76f0d8228f8f5216d110601d143a8b6d0fd869230e12c098a5842 \
    --hash=sha256:38652c280cf50cc5cf955e3d0b691fa6a97046d84407bbae340d8e353f9014ef \
    --hash=sha256:38acf7171535ffa7fff1fcec8b82ebd4e55cd02e581efe776928108421accaa1 \
    --hash=sha256:3a0484bd1e84f82766befcbd71cccd7307dacfe08071e4dbc1d9a9b498d321e8 \
    --hash=sha256:448e69211e59c39f398990753d15ba49f7218ec128f64ac8012ef16762e509a3 \
    --hash=sha256:46c80f7fd5dd7d8c269f6486b165c8f91c489e323f3a767221fb5b4b2b388d5f \
    --hash=sha256:4723da3e8f4281853c2eaab161b69cc14bc9b0811be4cfa5a1de36df47e0c660 \
    --hash=sha256:4b0f01fb8bdcaf4aa69cf55b2b2f8ef722e4423e1c020e7250dcb89a1d5db38e \
    --hash=sha256:4ff774b43712b0cf40d9888a5494ca39aefe990c946511cc947b9fddcf74a29b \
    --hash=sha256:50293e024afe5e2c25da2be68c8ceca8618912a0701a73f75b488317c8081aa6 \
    --hash=sha256:51014ee2ab2091dcd9cdef92532f0a1addb7c2cc52a2bd70682e441363de5c0d \
    --hash=sha256:5892d2ef99449ebd8e30544af5bc61fd9c30e9e989093a10589766422f6c5e1a \
    --hash=sha256:59ff244cee0270fc4cf5f2ee920d4493ee88d0bcbc6e8465e9ef01439f1785e7 \
    --hash=sha256:5b6913a68d98c58c673667c864500ba31bc9b0f462effac98914e9a92ebacd2e \
    --hash=sha256:5c35e5c3ed300990a46a144d3514465713f812b35dacfa83e928c60db7c90af7 \
    --hash=sha256:5c45bdcdc2ca6cf26fddff3faa5de7a2ed7c7f6016b3de80125313a37f972378 \
    --hash=sha256:5d559a84b2fd583e5bcf8ec4af1ec895f98811684d5fbd6524ea31a04f92d4ad \
    --hash=sha256:609bf136a7339aeca2bd4268c7cd190f33d13118975fe9964eda8e5138f42802 \
    --hash=sha256:61399a5b01d74ec5f009762c74ab6ebf387e58393fc5d78368e12d4f577fea29 \
    --hash=sha256:6289cb9145fbbc5b0e159c9fcd7fc09446dadc6b60b72c4d1012e80c7c727970 \
    --hash=sha256:631567ffc3ddb989ccdcd28f6b9fa5aab1ec7fc0e99fe65572b006a6aad347e2 \
    --hash=sha256:6364aa77b13e04459df6a9d2b806465287e7540955527e75ebd5fda48532913d \
    --hash=sha256:6556b3197bd8a237a16fcd7278d09f094c5777ae36a1435b5e8e488826386d96 \
    --hash=sha256:6c055bafdcb53e7f9f75e22c009cd183dd410475e21c296d599531d7f03d1bf5 \
    --hash=sha256:724b26a38cef98d6869d00a33cb66083bee967598e44f6a8e53f1dd283c851b0 \
    --hash=sha256:72d108ef9e39f45c6865ea8a5ba6736c0b1a33ddd6343653775349869e58c30b \
    --hash=sha256:7373ede7ccb89e6f6e39c1423b3a4d4ee48035d3b4619a6addced5c8b48d0ecc \
    --hash=sha256:738aef404c862d2c3cd951364ee7175c9d50e8290f5726611c4208c0fba8d186 \
    --hash=sha256:773c22d3de2dd5454b0f89b36d366fa0052f0e924656506c40462d8107acd00f \
    --hash=sha256:775266571f7027b1d77f5fce18a247b24f51a4404bdc1b90ec56be9b1e3801b9 \
    --hash=sha256:794b42f0112adfa3f23670aba5bc0ac9c9adfcee699c0df129b0186c812ac3ff \
    --hash=sha256:7966fbce2d18fde579d5593933d36ad98cc7c8dc7f2b1916d127057ce0415062 \
    --hash=sha256:7f753db5785ce019d7b25bb75638ef5a42a0e208aa9f19933262134e668ca6af \
    --hash=sha256:809726d4c72f1a902556df822c3acc5780053a12a05e16eac999392b30984c06 \
    --hash=sha256:821fd53699eb498990c915ba955a392d07246454c9405e6c1d0692362503013d \
    --hash=sha256:8243937d4673b46da90b4f5ea2627fd26842225e62e885828fdb8133aa1f7b32 \
    --hash=sha256:8341c446fca7f6be003c60aededf2f23a53d4881cf7e0bafb9cef69c217ae26a \
    --hash=sha256:83c1d75e9d124ab82a4ddaf59135112f0dc49526b47355e5928ae6126a68e236 \
    --hash=sha256:83eca62141314d641ebe8089ffa532bbf572ea07dd6255b58c40130d06bb2509 \
    --hash=sha256:841b89fc3d910d61c7c267db6bb7dc3a8b3dac240edb66220fcdf96fe70a0552 \
    --hash=sha256:87bebd6836e88c0a007f66b89814daf5d7041430eb491c91d1851abc89aa6e93 \
    --hash=sha256:88c524cf8c3b8d71dfc3de6cfb225138a876862a92d88bfa22eb9ff020729d45 \
    --hash=sha256:8922a30704a4421d69a19e0499db5861da686c0bccc3a79cf3946e3155cf25f9 \
    --hash=sha256:89f8746c206d8cf2c167221831645d6cc2b24464afd9c428a5eb3fd34c584eb1 \
    --hash=sha256:8b81ec1ecac3be8c1ff1e00ca1c1baf8122e87db9000cd2549963847bd5e3b41 \
    --hash=sha256:8c082ad2398664213a4bb5d133e2eb8bf239220b7d6688f8c8ffa9050057501f \
    --hash=sha256:8c08926678852a233bf1ef645c4d683d56107f814482f8f41b21ef2c7659790e \
    --hash=sha256:8d10a75e4d0a6a9ac2fec2f7ade682f468b51935102c70dab638fa4e94ffcb04 \
    --hash=sha256:8eeec925ad7f81886d413b3a1f8715551f75543519229a9b35e957771e1826d5 \
    --hash=sha256:911dbd0e87729016402e03533117ffe94147bfbcd7902b76af5854c4b437e096 \
    --hash=sha256:955550c78afb2be47755bd1b8153724292a5b539cf3f21665b310c145d08e6f8 \
    --hash=sha256:976b56bd0f4ca72280b4569eb227d012a541860f0d6fcc128ce26d22ef82c845 \
    --hash=sha256:99457524afd384c330dc51e527976653d543ccadfa815d9f2d92c5911626e536 \
    --hash=sha256:9a1adb0e220cb8691202ba9d97646a06292657a122df4b92733861d42f7cf4d2 \
    --hash=sha256:9b8e0779780026979f217603385995202f364adc9807bd21210d81b9f562fc4e \
    --hash=sha256:9d98063e6ae0da5084ec46952bb0a5ccb5e2cad168e32b4d65d1ec84e4b4ebd4 \
    --hash=sha256:a10f9967859229cae38b1aa7a96eb655c96b8adc96989b52c5b1f77d963a77a4 \
    --hash=sha256:a1664c5139755df44cab3834f4400b331b02205d62d3fdcb1554f63439bf3372 \
    --hash=sha256:a1f258e6aa0e6eda2c1199f5582c062c96c7d4a28d96d0c4daa79e39b3f2a764 \
    --hash=sha256:a4dc9f81707b9b56888fa7d3a889ac5219724cf0fbecab90ea5b197faf649534 \
    --hash=sha256:a6380c5035598e4665272ad3fc86c96ddb2a220d4059cce5ba4b660f78346ad9 \
    --hash=sha256:aa18653b795d2c273b8676f7ad2ca916d846d15864e335f746658e4c28eb5168 \
    --hash=sha256:abc39c4fb67f029400608f9a3a4a3f351ccb3c061b05fd3ad113e4cfbba8a8ee \
    --hash=sha256:ac2d6cdafa29672d6a604c641bf67ace3fd0735ec6885501a94943379219ddbf \
    --hash=sha256:ac63a1ef1899ccadace10ac937c41321672771378374c254e931d001448ae372 \
    --hash=sha256:ac65c08ba1bd90f662cb1d5c79f7ae4c53b1c100f0bb6ec5df1f40ac29028a7e \
    --hash=sha256:ad6952810349cbfb843fe15e8afc580b2712359ae42b1d2b05d097bd48c4aea4 \
    --hash=sha256:b044fe3bdb8b68efa33cb5917ae9379f07ec2e416ecd18cf5d333650d6d2fcbb \
    --hash=sha256:b29300eeaadf85df7f2df4bb29cadfb13b9600d1bb8053f35d82d96f9e6d088a \
    --hash=sha256:b683665d0287308adafc90a5617a51a508d8af8c7040693693bb333b5f4474fe \
    --hash=sha256:b68c29aac4788438b07d768057836de47589c7deaa3ad8dc4af488dfc27be388 \
    --hash=sha256:bd4f70e091f2df300396bc9ce36963f90b87611324c2ca750072a6e6375beba2 \
    --hash=sha256:bf98f5f87f6484302e7cce4e2ca5af43562902852063d916c3e2f1c115fdce60 \
    --hash=sha256:c137f8c8419c3de93e2998131d94628805f148e52b34da6d7533454e4d78bc2a \
    --hash=sha256:c157bfef4e3b19688eb4da783c5bfabf5a3ac1ac8d317e0906f3feb18d4c89b7 \
    --hash=sha256:c3de55b53f69ffa2fcfd897bd8a7e62f0f88a40a8a0c544e171e813f9d4ddbf5 \
    --hash=sha256:c4fff7d77f440378cd841e340398edf5dbefee334816efbf521bb6e31651e54e \
    --hash=sha256:c71a387ea133481e725079cff22de45593bf0b834824de22829365ab1d2386c9 \
    --hash=sha256:c8184fdb2259bda1db2db9d6e25f667769afc2531830b4fa29f83f66a7872dea \
    --hash=sha256:c8e3b8a54e65393ce1d5c7d9753fe756f0d96089e7163b20ddec3e5bb56a963e \
    --hash=sha256:cbc7ce67f85b92db97c92219985432be84dc1ba9a028e68c6933e89551234df2 \
    --hash=sha256:cbffd22fc8e4d80454efa968b0c93440a00b8b8a817ce0c29d2c6cb5ad324362 \
    --hash=sha256:ce01ab3449015358f766a1950b3d818eedf9d4cdec3fa87e4eecaad10c0784db \
    --hash=sha256:d1f14c1006722824c3f2158d147e520a82460b47ffdc2a84e444b3d244b65e4d \
    --hash=sha256:d20af2784c763928d0d0879cbc5a3739e4d81eefa0d68962d3478bff4c13e644 \
    --hash=sha256:d38c25bad123d6ce30bb37931d90a4e8a167cd796eeae9cd16c2bfce52718f8e \
    --hash=sha256:d3d65e511e4e656ec67b472110f7a72cbf8547ca15f76fe74cffa4e97412a064 \
    --hash=sha256:d573b81c29e20b1513afa386a544797a99cecde5497e6c77b6dfa4484112c819 \
    --hash=sha256:d8781d812bb8efd47c35651639da38980383ff0d0c1f3269ade23e3a90799079 \
    --hash=sha256:d8a8129bd502de138cdde22eac3990bde8a4efbafc72596baab67a495c48c974 \
    --hash=sha256:d9e779a9c3167d2f158c41b6347fbc9e855f6d5561920a33123beb86463c3f46 \
    --hash=sha256:dfc80c74233fe01157ab550fb12b9d07a2f1fa7c5900cefb484e3bf02e856fbc \
    --hash=sha256:e0c88ca5fb307f7e817fc427681126e4712d3452258577bcb4ca86594c934852 \
    --hash=sha256:e759ff1b244725fef428c6b54f3dab4954c293b2d242a5f2e79db5cc3873de51 \
    --hash=sha256:e8ad05bb1fb4aa20ee201ab2f21c3c7571828e4fad525707437bb1c5f5ab6669 \
    --hash=sha256:ecdded59dc50c0c28f652a98f69a7ada8bd2377248bf48c4a83c81204eb58b33 \
    --hash=sha256:ed31e5852cd938704bc6c7a3822cbf84c7fa00ebfa914a1b4e2392d44f45bdfb \
    --hash=sha256:edccf1157677db1da741d042601754b94af3926310c5763179200718ca738e70 \
    --hash=sha256:f179bae37ad673f57756b59f26833b7922230bef471fdb29492428f152bae8c6 \
    --hash=sha256:f27373113fda6621e4201f529908a24c8a190c2af355aed4711dadca44db4673 \
    --hash=sha256:f297e9be3bbe59c31cfe5d0f38534510ed95856c480df3e8721b16d46ccaeeac \
    --hash=sha256:f8f004d5c601eb50ac29a110632595a4f4c50db81c715d46a43de64ef88246cb \
    --hash=sha256:f96bba9a26a064ce9e11099bad12fb08384b64d3acc0acf94bf386ca5cf4f95f \
    --hash=sha256:fab00cef83d4f9d76c5e0722346e84bc174b071d68b4f725aeb0bf3877b9e6a6 \
    --hash=sha256:fc6eeeddcee4d985707b3fc29fd6993e256e55798ca600586da68d3f0e04ec5a \
    --hash=sha256:fdb7786ebefaa0dad0d399dfeaf146b370a14591af2f3aea59e06f931a426678 \
    --hash=sha256:fddcf558bcb7a40993fb9e3ae3752d5d3a656479c71687799e43063563a2e68a \
    --hash=sha256:feb5b9ed7d0510663a78b94f2b417a41c41b42a7bb157ef398ef9d78e6f0fd50
    # via justext, lxml-html-clean
lxml-html-clean==0.4.4 \
    --hash=sha256:58f39a9d632711202ed1d6d0b9b47a904e306c85de5761543b90e3e3f736acfb \
    --hash=sha256:ce2ef506614ecb85ee1c5fe0a2aa45b06a19514ec7949e9c8f34f06925cfabcb
    # via lxml
numpy==2.4.4 \
    --hash=sha256:07077278157d02f65c43b1b26a3886bce886f95d20aabd11f87932750dfb14ed \
    --hash=sha256:08f2e31ed5e6f04b118e49821397f12767934cfdd12a1ce86a058f91e004ee50 \
    --hash=sha256:0aec54fd785890ecca25a6003fd9a5aed47ad607bbac5cd64f836ad8666f4959 \
    --hash=sha256:0d35aea54ad1d420c812bfa0385c71cd7cc5bcf7c65fed95fc2cd02fe8c79827 \
    --hash=sha256:0d4e437e295f18ec29bc79daf55e8a47a9113df44d66f702f02a293d93a2d6dd \
    --hash=sha256:0dfd3f9d3adbe2920b68b5cd3d51444e13a10792ec7154cd0a2f6e74d4ab3233 \
    --hash=sha256:1378871da56ca8943c2ba674530924bb8ca40cd228358a3b5f302ad60cf875fc \
    --hash=sha256:15716cfef24d3a9762e3acdf87e27f58dc823d1348f765bbea6bef8c639bfa1b \
    --hash=sha256:19710a9ca9992d7174e9c52f643d4272dcd1558c5f7af7f6f8190f633bd651a7 \
    --hash=sha256:23cbfd4c17357c81021f21540da84ee282b9c8fba38a03b7b9d09ba6b951421e \
    --hash=sha256:2483e4584a1cb3092da4470b38866634bafb223cbcd551ee047633fd2584599a \
    --hash=sha256:27a8d92cd10f1382a67d7cf4db7ce18341b66438bdd9f691d7b0e48d104c2a9d \
    --hash=sha256:28a650663f7314afc3e6ec620f44f333c386aad9f6fc472030865dc0ebb26ee3 \
    --hash=sha256:2aa0613a5177c264ff5921051a5719d20095ea586ca88cc802c5c218d1c67d3e \
    --hash=sha256:2c194dd721e54ecad9ad387c1d35e63dce5c4450c6dc7dd5611283dda239aabb \
    --hash=sha256:2d19e6e2095506d1736b7d80595e0f252d76b89f5e715c35e06e937679ea7d7a \
    --hash=sha256:2d390634c5182175533585cc89f3608a4682ccb173cc9bb940b2881c8d6f8fa0 \
    --hash=sha256:30caa73029a225b2d40d9fae193e008e24b2026b7ee1a867b7ee8d96ca1a448e \
    --hash=sha256:42c16925aa5a02362f986765f9ebabf20de75cdefdca827d14315c568dcab113 \
    --hash=sha256:45dbed2ab436a9e826e302fcdcbe9133f9b0006e5af7168afb8963a6520da103 \
    --hash=sha256:4636de7fd195197b7535f231b5de9e4b36d2c440b6e566d2e4e4746e6af0ca93 \
    --hash=sha256:4a19d9dba1a76618dd86b164d608566f393f8ec6ac7c44f0cc879011c45e65af \
    --hash=sha256:4bbc7f303d125971f60ec0aaad5e12c62d0d2c925f0ab1273debd0e4ba37aba5 \
    --hash=sha256:4d6d57903571f86180eb98f8f0c839fa9ebbfb031356d87f1361be91e433f5b7 \
    --hash=sha256:4e874c976154687c1f71715b034739b45c7711bec81db01914770373d125e392 \
    --hash=sha256:51fc224f7ca4d92656d5a5eb315f12eb5fe2c97a66249aa7b5f562528a3be38c \
    --hash=sha256:58c8b5929fcb8287cbd6f0a3fae19c6e03a5c48402ae792962ac465224a629a4 \
    --hash=sha256:5a285b3b96f951841799528cd1f4f01cd70e7e0204b4abebac9463eecfcf2a40 \
    --hash=sha256:5c70f1cc1c4efbe316a572e2d8b9b9cc44e89b95f79ca3331553fbb63716e2bf \
    --hash=sha256:62d6b0f03b694173f9fcb1fb317f7222fd0b0b103e784c6549f5e53a27718c44 \
    --hash=sha256:6a246d5914aa1c820c9443ddcee9c02bec3e203b0c080349533fae17727dfd1b \
    --hash=sha256:6aa3236c78803afbcb255045fbef97a9e25a1f6c9888357d205ddc42f4d6eba5 \
    --hash=sha256:6bbe4eb67390b0a0265a2c25458f6b90a409d5d069f1041e6aff1e27e3d9a79e \
    --hash=sha256:715d1c092715954784bc79e1174fc2a90093dc4dc84ea15eb14dad8abdcdeb74 \
    --hash=sha256:72944b19f2324114e9dc86a159787333b77874143efcf89a5167ef83cfee8af0 \
    --hash=sha256:81f4a14bee47aec54f883e0cad2d73986640c1590eb9bfaaba7ad17394481e6e \
    --hash=sha256:846300f379b5b12cc769334464656bc882e0735d27d9726568bc932fdc49d5ec \
    --hash=sha256:86b6f55f5a352b48d7fbfd2dbc3d5b780b2d79f4d3c121f33eb6efb22e9a2015 \
    --hash=sha256:874f200b2a981c647340f841730fc3a2b54c9d940566a3c4149099591e2c4c3d \
    --hash=sha256:8a87ec22c87be071b6bdbd27920b129b94f2fc964358ce38f3822635a3e2e03d \
    --hash=sha256:8b3b60bb7cba2c8c81837661c488637eee696f59a877788a396d33150c35d842 \
    --hash=sha256:8e3ed142f2728df44263aaf5fb1f5b0b99f4070c553a0d7f033be65338329150 \
    --hash=sha256:93e15038125dc1e5345d9b5b68aa7f996ec33b98118d18c6ca0d0b7d6198b7e8 \
    --hash=sha256:989824e9faf85f96ec9c7761cd8d29c531ad857bfa1daa930cba85baaecf1a9a \
    --hash=sha256:99d838547ace2c4aace6c4f76e879ddfe02bb58a80c1549928477862b7a6d6ed \
    --hash=sha256:9b2aec6af35c113b05695ebb5749a787acd63cafc83086a05771d1e1cd1e555f \
    --hash=sha256:9c585a1790d5436a5374bac930dad6ed244c046ed91b2b2a3634eb2971d21008 \
    --hash=sha256:a7164afb23be6e37ad90b2f10426149fd75aee07ca55653d2aa41e66c4ef697e \
    --hash=sha256:ac6b31e35612a26483e20750126d30d0941f949426974cace8e6b5c58a3657b0 \
    --hash=sha256:ad2e2ef14e0b04e544ea2fa0a36463f847f113d314aa02e5b402fdf910ef309e \
    --hash=sha256:b268594bccac7d7cf5844c7732e3f20c50921d94e36d7ec9b79e9857694b1b2f \
    --hash=sha256:b5f0362dc928a6ecd9db58868fca5e48485205e3855957bdedea308f8672ea4a \
    --hash=sha256:ba1f4fc670ed79f876f70082eff4f9583c15fb9a4b89d6188412de4d18ae2f40 \
    --hash=sha256:ba203255017337d39f89bdd58417f03c4426f12beed0440cfd933cb15f8669c7 \
    --hash=sha256:c901b15172510173f5cb310eae652908340f8dede90fff9e3bf6c0d8dfd92f83 \
    --hash=sha256:c9b39d38a9bd2ae1becd7eac1303d031c5c110ad31f2b319c6e7d98b135c934d \
    --hash=sha256:d2a8490669bfe99a233298348acc2d824d496dee0e66e31b66a6022c2ad74a5c \
    --hash=sha256:dddbbd259598d7240b18c9d87c56a9d2fb3b02fe266f49a7c101532e78c1d871 \
    --hash=sha256:df3775294accfdd75f32c74ae39fcba920c9a378a2fc18a12b6820aa8c1fb502 \
    --hash=sha256:e44319a2953c738205bf3354537979eaa3998ed673395b964c1176083dd46252 \
    --hash=sha256:e4a010c27ff6f210ff4c6ef34394cd61470d01014439b192ec22552ee867f2a8 \
    --hash=sha256:e823b8b6edc81e747526f70f71a9c0a07ac4e7ad13020aa736bb7c9d67196115 \
    --hash=sha256:e892aff75639bbef0d2a2cfd55535510df26ff92f63c92cd84ef8d4ba5a5557f \
    --hash=sha256:eea7ac5d2dce4189771cedb559c738a71512768210dc4e4753b107a2048b3d0e \
    --hash=sha256:ef4059d6e5152fa1a39f888e344c73fdc926e1b2dd58c771d67b0acfbf2aa67d \
    --hash=sha256:f169b9a863d34f5d11b8698ead99febeaa17a13ca044961aa8e2662a6c7766a0 \
    --hash=sha256:f2cf083b324a467e1ab358c105f6cad5ea950f50524668a80c486ff1db24e119 \
    --hash=sha256:f8474c4241bc18b750be2abea9d7a9ec84f46ef861dbacf86a4f6e043401f79e \
    --hash=sha256:f983334aea213c99992053ede6168500e5f086ce74fbc4acc3f2b00f5762e9db \
    --hash=sha256:f9e75681b59ddaa5e659898085ae0eaea229d054f2ac0c7e563a62205a700121 \
    --hash=sha256:fbc356aae7adf9e6336d336b9c8111d390a05df88f1805573ebb0807bd06fd1d \
    --hash=sha256:fcfe2045fd2e8f3cb0ce9d4ba6dba6333b8fa05bb8a4939c908cd43322d14c7e
    # via simhash, -c base/images/base-api/requirements.lock
simhash==2.1.2 \
    --hash=sha256:49c5d81f31254f7e3f71dc2f5a245625c3d6143584478fdf4ffd2e63e4929366 \
    --hash=sha256:533bc8cf41e4e6dd83f0b1847363516bf3323e0fa92e63d9e6df4e281e882e1b \
    --hash=sha256:968de16c82c227a631aa00e57ab58f9e4ee9e47e8408486199a9eb59c1d6979b
    # via -r base/rag/preprocess-service/requirements.txt
